# THIS IS AN AUTOGENERATED FILE. DO NOT EDIT THIS FILE DIRECTLY.
# yarn lockfile v1


"@algolia/client-abtesting@5.20.3":
  version "5.20.3"
  resolved "https://registry.yarnpkg.com/@algolia/client-abtesting/-/client-abtesting-5.20.3.tgz#e4120919292c57270546cdf8f7030ac8f035c9a2"
  integrity sha512-wPOzHYSsW+H97JkBLmnlOdJSpbb9mIiuNPycUCV5DgzSkJFaI/OFxXfZXAh1gqxK+hf0miKue1C9bltjWljrNA==
  dependencies:
    "@algolia/client-common" "5.20.3"
    "@algolia/requester-browser-xhr" "5.20.3"
    "@algolia/requester-fetch" "5.20.3"
    "@algolia/requester-node-http" "5.20.3"

"@algolia/client-analytics@5.20.3":
  version "5.20.3"
  resolved "https://registry.yarnpkg.com/@algolia/client-analytics/-/client-analytics-5.20.3.tgz#242d448ee34667a52bf1efe5c39b58546d71201f"
  integrity sha512-XE3iduH9lA7iTQacDGofBQyIyIgaX8qbTRRdj1bOCmfzc9b98CoiMwhNwdTifmmMewmN0EhVF3hP8KjKWwX7Yw==
  dependencies:
    "@algolia/client-common" "5.20.3"
    "@algolia/requester-browser-xhr" "5.20.3"
    "@algolia/requester-fetch" "5.20.3"
    "@algolia/requester-node-http" "5.20.3"

"@algolia/client-common@5.20.3":
  version "5.20.3"
  resolved "https://registry.yarnpkg.com/@algolia/client-common/-/client-common-5.20.3.tgz#7eec522ca18ae446b775092d17d47eecf97c6af9"
  integrity sha512-IYRd/A/R3BXeaQVT2805lZEdWo54v39Lqa7ABOxIYnUvX2vvOMW1AyzCuT0U7Q+uPdD4UW48zksUKRixShcWxA==

"@algolia/client-insights@5.20.3":
  version "5.20.3"
  resolved "https://registry.yarnpkg.com/@algolia/client-insights/-/client-insights-5.20.3.tgz#1bcd9e3090512d3f32e64c2c0b839c7ebfd40574"
  integrity sha512-QGc/bmDUBgzB71rDL6kihI2e1Mx6G6PxYO5Ks84iL3tDcIel1aFuxtRF14P8saGgdIe1B6I6QkpkeIddZ6vWQw==
  dependencies:
    "@algolia/client-common" "5.20.3"
    "@algolia/requester-browser-xhr" "5.20.3"
    "@algolia/requester-fetch" "5.20.3"
    "@algolia/requester-node-http" "5.20.3"

"@algolia/client-personalization@5.20.3":
  version "5.20.3"
  resolved "https://registry.yarnpkg.com/@algolia/client-personalization/-/client-personalization-5.20.3.tgz#ca1fe559112bd9aedefa38ca712d69b0bc2bfddf"
  integrity sha512-zuM31VNPDJ1LBIwKbYGz/7+CSm+M8EhlljDamTg8AnDilnCpKjBebWZR5Tftv/FdWSro4tnYGOIz1AURQgZ+tQ==
  dependencies:
    "@algolia/client-common" "5.20.3"
    "@algolia/requester-browser-xhr" "5.20.3"
    "@algolia/requester-fetch" "5.20.3"
    "@algolia/requester-node-http" "5.20.3"

"@algolia/client-query-suggestions@5.20.3":
  version "5.20.3"
  resolved "https://registry.yarnpkg.com/@algolia/client-query-suggestions/-/client-query-suggestions-5.20.3.tgz#fed613ab3c7e0be1cb5dcca09fdab65de17e2800"
  integrity sha512-Nn872PuOI8qzi1bxMMhJ0t2AzVBqN01jbymBQOkypvZHrrjZPso3iTpuuLLo9gi3yc/08vaaWTAwJfPhxPwJUw==
  dependencies:
    "@algolia/client-common" "5.20.3"
    "@algolia/requester-browser-xhr" "5.20.3"
    "@algolia/requester-fetch" "5.20.3"
    "@algolia/requester-node-http" "5.20.3"

"@algolia/client-search@5.20.3":
  version "5.20.3"
  resolved "https://registry.yarnpkg.com/@algolia/client-search/-/client-search-5.20.3.tgz#d8ce41dea173112d4a971d697f34145a1354befd"
  integrity sha512-9+Fm1ahV8/2goSIPIqZnVitV5yHW5E5xTdKy33xnqGd45A9yVv5tTkudWzEXsbfBB47j9Xb3uYPZjAvV5RHbKA==
  dependencies:
    "@algolia/client-common" "5.20.3"
    "@algolia/requester-browser-xhr" "5.20.3"
    "@algolia/requester-fetch" "5.20.3"
    "@algolia/requester-node-http" "5.20.3"

"@algolia/ingestion@1.20.3":
  version "1.20.3"
  resolved "https://registry.yarnpkg.com/@algolia/ingestion/-/ingestion-1.20.3.tgz#32283c2cde45d47b6731bbaaa170703ddf9c3874"
  integrity sha512-5GHNTiZ3saLjTNyr6WkP5hzDg2eFFAYWomvPcm9eHWskjzXt8R0IOiW9kkTS6I6hXBwN5H9Zna5mZDSqqJdg+g==
  dependencies:
    "@algolia/client-common" "5.20.3"
    "@algolia/requester-browser-xhr" "5.20.3"
    "@algolia/requester-fetch" "5.20.3"
    "@algolia/requester-node-http" "5.20.3"

"@algolia/monitoring@1.20.3":
  version "1.20.3"
  resolved "https://registry.yarnpkg.com/@algolia/monitoring/-/monitoring-1.20.3.tgz#8165d8fbb89134876e9055f3432a3de72dc150bc"
  integrity sha512-KUWQbTPoRjP37ivXSQ1+lWMfaifCCMzTnEcEnXwAmherS5Tp7us6BAqQDMGOD4E7xyaS2I8pto6WlOzxH+CxmA==
  dependencies:
    "@algolia/client-common" "5.20.3"
    "@algolia/requester-browser-xhr" "5.20.3"
    "@algolia/requester-fetch" "5.20.3"
    "@algolia/requester-node-http" "5.20.3"

"@algolia/recommend@5.20.3":
  version "5.20.3"
  resolved "https://registry.yarnpkg.com/@algolia/recommend/-/recommend-5.20.3.tgz#bfe36b49287cdf07ad5369640dd65f4b12117e30"
  integrity sha512-oo/gG77xTTTclkrdFem0Kmx5+iSRFiwuRRdxZETDjwzCI7svutdbwBgV/Vy4D4QpYaX4nhY/P43k84uEowCE4Q==
  dependencies:
    "@algolia/client-common" "5.20.3"
    "@algolia/requester-browser-xhr" "5.20.3"
    "@algolia/requester-fetch" "5.20.3"
    "@algolia/requester-node-http" "5.20.3"

"@algolia/requester-browser-xhr@5.20.3":
  version "5.20.3"
  resolved "https://registry.yarnpkg.com/@algolia/requester-browser-xhr/-/requester-browser-xhr-5.20.3.tgz#7bc054eb70669e601e0b1ab034d360eb44c900b6"
  integrity sha512-BkkW7otbiI/Er1AiEPZs1h7lxbtSO9p09jFhv3/iT8/0Yz0CY79VJ9iq+Wv1+dq/l0OxnMpBy8mozrieGA3mXQ==
  dependencies:
    "@algolia/client-common" "5.20.3"

"@algolia/requester-fetch@5.20.3":
  version "5.20.3"
  resolved "https://registry.yarnpkg.com/@algolia/requester-fetch/-/requester-fetch-5.20.3.tgz#e280a3bd142984a31b172743119f21a3ccef576b"
  integrity sha512-eAVlXz7UNzTsA1EDr+p0nlIH7WFxo7k3NMxYe8p38DH8YVWLgm2MgOVFUMNg9HCi6ZNOi/A2w/id2ZZ4sKgUOw==
  dependencies:
    "@algolia/client-common" "5.20.3"

"@algolia/requester-node-http@5.20.3":
  version "5.20.3"
  resolved "https://registry.yarnpkg.com/@algolia/requester-node-http/-/requester-node-http-5.20.3.tgz#cf06a8568efd7f3ad02414e13f2fa94c15edfc37"
  integrity sha512-FqR3pQPfHfQyX1wgcdK6iyqu86yP76MZd4Pzj1y/YLMj9rRmRCY0E0AffKr//nrOFEwv6uY8BQY4fd9/6b0ZCg==
  dependencies:
    "@algolia/client-common" "5.20.3"

algoliasearch@^5.20.3:
  version "5.20.3"
  resolved "https://registry.yarnpkg.com/algoliasearch/-/algoliasearch-5.20.3.tgz#32d79b9ffaf5a085943fab304698f46c5a3faed9"
  integrity sha512-iNC6BGvipaalFfDfDnXUje8GUlW5asj0cTMsZJwO/0rhsyLx1L7GZFAY8wW+eQ6AM4Yge2p5GSE5hrBlfSD90Q==
  dependencies:
    "@algolia/client-abtesting" "5.20.3"
    "@algolia/client-analytics" "5.20.3"
    "@algolia/client-common" "5.20.3"
    "@algolia/client-insights" "5.20.3"
    "@algolia/client-personalization" "5.20.3"
    "@algolia/client-query-suggestions" "5.20.3"
    "@algolia/client-search" "5.20.3"
    "@algolia/ingestion" "1.20.3"
    "@algolia/monitoring" "1.20.3"
    "@algolia/recommend" "5.20.3"
    "@algolia/requester-browser-xhr" "5.20.3"
    "@algolia/requester-fetch" "5.20.3"
    "@algolia/requester-node-http" "5.20.3"
